
Microsoft Visual Studio Solution File, Format Version 12.00
# Visual Studio Version 17
VisualStudioVersion = 17.0.31903.59
MinimumVisualStudioVersion = 10.0.40219.1
Project("{2150E333-8FDC-42A3-9474-1A3956D46DE8}") = "src", "src", "{69029351-2D59-4407-9F7B-4E5879E609EA}"
EndProject
Project("{FAE04EC0-301F-11D3-BF4B-00C04F79EFBC}") = "Ponto.Classes", "src\Ponto.Classes\Ponto.Classes.csproj", "{72EF2A7E-DAEE-46E7-A4E6-8D27AF6500D8}"
EndProject
Project("{FAE04EC0-301F-11D3-BF4B-00C04F79EFBC}") = "Ponto.ConsoleApp", "src\Ponto.ConsoleApp\Ponto.ConsoleApp.csproj", "{AA61218C-7537-48C5-AA4A-256021EA3019}"
EndProject
Global
	GlobalSection(SolutionConfigurationPlatforms) = preSolution
		Debug|Any CPU = Debug|Any CPU
		Release|Any CPU = Release|Any CPU
	EndGlobalSection
	GlobalSection(SolutionProperties) = preSolution
		HideSolutionNode = FALSE
	EndGlobalSection
	GlobalSection(ProjectConfigurationPlatforms) = postSolution
		{72EF2A7E-DAEE-46E7-A4E6-8D27AF6500D8}.Debug|Any CPU.ActiveCfg = Debug|Any CPU
		{72EF2A7E-DAEE-46E7-A4E6-8D27AF6500D8}.Debug|Any CPU.Build.0 = Debug|Any CPU
		{72EF2A7E-DAEE-46E7-A4E6-8D27AF6500D8}.Release|Any CPU.ActiveCfg = Release|Any CPU
		{72EF2A7E-DAEE-46E7-A4E6-8D27AF6500D8}.Release|Any CPU.Build.0 = Release|Any CPU
		{AA61218C-7537-48C5-AA4A-256021EA3019}.Debug|Any CPU.ActiveCfg = Debug|Any CPU
		{AA61218C-7537-48C5-AA4A-256021EA3019}.Debug|Any CPU.Build.0 = Debug|Any CPU
		{AA61218C-7537-48C5-AA4A-256021EA3019}.Release|Any CPU.ActiveCfg = Release|Any CPU
		{AA61218C-7537-48C5-AA4A-256021EA3019}.Release|Any CPU.Build.0 = Release|Any CPU
	EndGlobalSection
	GlobalSection(NestedProjects) = preSolution
		{72EF2A7E-DAEE-46E7-A4E6-8D27AF6500D8} = {69029351-2D59-4407-9F7B-4E5879E609EA}
		{AA61218C-7537-48C5-AA4A-256021EA3019} = {69029351-2D59-4407-9F7B-4E5879E609EA}
	EndGlobalSection
EndGlobal
