
Microsoft Visual Studio Solution File, Format Version 12.00
# Visual Studio Version 17
VisualStudioVersion = 17.0.31903.59
MinimumVisualStudioVersion = 10.0.40219.1
Project("{FAE04EC0-301F-11D3-BF4B-00C04F79EFBC}") = "Ponto.ConsoleApp", "Ponto.ConsoleApp\Ponto.ConsoleApp.csproj", "{272FB34D-1A3E-4D60-A111-017353AD5DFE}"
EndProject
Project("{FAE04EC0-301F-11D3-BF4B-00C04F79EFBC}") = "Ponto.Classes", "Ponto.Classes\Ponto.Classes.csproj", "{4B1082C3-775C-482B-8025-DD861A0C9AF6}"
EndProject
Global
	GlobalSection(SolutionConfigurationPlatforms) = preSolution
		Debug|Any CPU = Debug|Any CPU
		Release|Any CPU = Release|Any CPU
	EndGlobalSection
	GlobalSection(SolutionProperties) = preSolution
		HideSolutionNode = FALSE
	EndGlobalSection
	GlobalSection(ProjectConfigurationPlatforms) = postSolution
		{272FB34D-1A3E-4D60-A111-017353AD5DFE}.Debug|Any CPU.ActiveCfg = Debug|Any CPU
		{272FB34D-1A3E-4D60-A111-017353AD5DFE}.Debug|Any CPU.Build.0 = Debug|Any CPU
		{272FB34D-1A3E-4D60-A111-017353AD5DFE}.Release|Any CPU.ActiveCfg = Release|Any CPU
		{272FB34D-1A3E-4D60-A111-017353AD5DFE}.Release|Any CPU.Build.0 = Release|Any CPU
		{4B1082C3-775C-482B-8025-DD861A0C9AF6}.Debug|Any CPU.ActiveCfg = Debug|Any CPU
		{4B1082C3-775C-482B-8025-DD861A0C9AF6}.Debug|Any CPU.Build.0 = Debug|Any CPU
		{4B1082C3-775C-482B-8025-DD861A0C9AF6}.Release|Any CPU.ActiveCfg = Release|Any CPU
		{4B1082C3-775C-482B-8025-DD861A0C9AF6}.Release|Any CPU.Build.0 = Release|Any CPU
	EndGlobalSection
EndGlobal
